
Microsoft Visual Studio Solution File, Format Version 12.00
# Visual Studio Version 17
VisualStudioVersion = 17.6.33815.320
MinimumVisualStudioVersion = 10.0.40219.1
Project("{FAE04EC0-301F-11D3-BF4B-00C04F79EFBC}") = "API", "API\API.csproj", "{0AB7D7B5-C5D4-4CEC-9347-13F77E70263D}"
EndProject
Project("{FAE04EC0-301F-11D3-BF4B-00C04F79EFBC}") = "DAL", "DAL\DAL.csproj", "{050F45FE-3288-421C-BB81-D118F7585D6A}"
EndProject
Global
	GlobalSection(SolutionConfigurationPlatforms) = preSolution
		Debug|Any CPU = Debug|Any CPU
		Release|Any CPU = Release|Any CPU
	EndGlobalSection
	GlobalSection(ProjectConfigurationPlatforms) = postSolution
		{0AB7D7B5-C5D4-4CEC-9347-13F77E70263D}.Debug|Any CPU.ActiveCfg = Debug|Any CPU
		{0AB7D7B5-C5D4-4CEC-9347-13F77E70263D}.Debug|Any CPU.Build.0 = Debug|Any CPU
		{0AB7D7B5-C5D4-4CEC-9347-13F77E70263D}.Release|Any CPU.ActiveCfg = Release|Any CPU
		{0AB7D7B5-C5D4-4CEC-9347-13F77E70263D}.Release|Any CPU.Build.0 = Release|Any CPU
		{050F45FE-3288-421C-BB81-D118F7585D6A}.Debug|Any CPU.ActiveCfg = Debug|Any CPU
		{050F45FE-3288-421C-BB81-D118F7585D6A}.Debug|Any CPU.Build.0 = Debug|Any CPU
		{050F45FE-3288-421C-BB81-D118F7585D6A}.Release|Any CPU.ActiveCfg = Release|Any CPU
		{050F45FE-3288-421C-BB81-D118F7585D6A}.Release|Any CPU.Build.0 = Release|Any CPU
	EndGlobalSection
	GlobalSection(SolutionProperties) = preSolution
		HideSolutionNode = FALSE
	EndGlobalSection
	GlobalSection(ExtensibilityGlobals) = postSolution
		SolutionGuid = {357CDB64-38E5-41D2-9874-7492FDBBD96D}
	EndGlobalSection
EndGlobal
